
Microsoft Visual Studio Solution File, Format Version 12.00
# Visual Studio Version 16
VisualStudioVersion = 16.0.30621.155
MinimumVisualStudioVersion = 10.0.40219.1
Project("{FAE04EC0-301F-11D3-BF4B-00C04F79EFBC}") = "TestApiProject", "TestApiProject\TestApiProject.csproj", "{CEE22408-953B-4CFE-B778-3261951569D8}"
EndProject
Global
	GlobalSection(SolutionConfigurationPlatforms) = preSolution
		Debug|Any CPU = Debug|Any CPU
		Release|Any CPU = Release|Any CPU
	EndGlobalSection
	GlobalSection(ProjectConfigurationPlatforms) = postSolution
		{CEE22408-953B-4CFE-B778-3261951569D8}.Debug|Any CPU.ActiveCfg = Debug|Any CPU
		{CEE22408-953B-4CFE-B778-3261951569D8}.Debug|Any CPU.Build.0 = Debug|Any CPU
		{CEE22408-953B-4CFE-B778-3261951569D8}.Release|Any CPU.ActiveCfg = Release|Any CPU
		{CEE22408-953B-4CFE-B778-3261951569D8}.Release|Any CPU.Build.0 = Release|Any CPU
	EndGlobalSection
	GlobalSection(SolutionProperties) = preSolution
		HideSolutionNode = FALSE
	EndGlobalSection
	GlobalSection(ExtensibilityGlobals) = postSolution
		SolutionGuid = {57359F52-9E42-44AE-B122-B340466C5C88}
	EndGlobalSection
EndGlobal
